dependencies:
- name: mongodb
  repository: https://kubernetes-charts.storage.googleapis.com/
  version: 4.0.3
- name: postgresql
  repository: https://kubernetes-charts.storage.googleapis.com/
  version: 3.1.0
digest: sha256:8cd2b620a4b39ca7fb2012f0a72ef796b688ad18443caf7fd063dba251e40c9e
generated: 2018-12-10T21:32:37.248459-08:00
