dependencies:
- name: mongodb
  repository: https://kubernetes-charts.storage.googleapis.com/
  version: 4.0.3
- name: postgresql
  repository: https://kubernetes-charts.storage.googleapis.com/
  version: 3.1.0
- name: elasticsearch
  repository: https://kubernetes-charts.storage.googleapis.com/
  version: 1.15.0
digest: sha256:ed900764636e9028efef1e2e6acfcfd925f20d46a8fd25a732c0617879efff25
generated: 2018-12-10T23:00:10.341602-08:00
