dependencies:
- name: mongodb
  repository: https://kubernetes-charts.storage.googleapis.com/
  version: 4.0.3
- name: postgresql
  repository: https://kubernetes-charts.storage.googleapis.com/
  version: 3.1.0
- name: elasticsearch
  repository: https://kubernetes-charts.storage.googleapis.com/
  version: 1.15.0
- name: kafka
  repository: http://storage.googleapis.com/kubernetes-charts-incubator
  version: 0.13.3
digest: sha256:47fd2ac06026340728d59106718c19e0e6a6155e2eb853e8a9c5dd3fe86aa7fc
generated: 2018-12-12T15:01:03.632356-08:00
